
Microsoft Visual Studio Solution File, Format Version 12.00
# Visual Studio Version 16
VisualStudioVersion = 16.0.34301.259
MinimumVisualStudioVersion = 10.0.40219.1
Project("{FAE04EC0-301F-11D3-BF4B-00C04F79EFBC}") = "PDF_OCR", "PDF_OCR.csproj", "{921EDA2B-0C48-4774-BE16-982B17F6E0E5}"
EndProject
Global
	GlobalSection(SolutionConfigurationPlatforms) = preSolution
		Debug|Any CPU = Debug|Any CPU
		Release|Any CPU = Release|Any CPU
	EndGlobalSection
	GlobalSection(ProjectConfigurationPlatforms) = postSolution
		{921EDA2B-0C48-4774-BE16-982B17F6E0E5}.Debug|Any CPU.ActiveCfg = Debug|Any CPU
		{921EDA2B-0C48-4774-BE16-982B17F6E0E5}.Debug|Any CPU.Build.0 = Debug|Any CPU
		{921EDA2B-0C48-4774-BE16-982B17F6E0E5}.Release|Any CPU.ActiveCfg = Release|Any CPU
		{921EDA2B-0C48-4774-BE16-982B17F6E0E5}.Release|Any CPU.Build.0 = Release|Any CPU
	EndGlobalSection
	GlobalSection(SolutionProperties) = preSolution
		HideSolutionNode = FALSE
	EndGlobalSection
	GlobalSection(ExtensibilityGlobals) = postSolution
		SolutionGuid = {2771D66D-2A9B-453B-AA5A-CF8F9CA3CE9B}
	EndGlobalSection
EndGlobal
